{
  "name": "spamham",
  "lockfileVersion": 3,
  "requires": true,
  "packages": {
    "": {
      "dependencies": {
        "gmail-js": "^1.1.14"
      }
    },
    "node_modules/gmail-js": {
      "version": "1.1.14",
      "resolved": "https://registry.npmjs.org/gmail-js/-/gmail-js-1.1.14.tgz",
      "integrity": "sha512-kvmqNQBV03+ntjp+eBEbG9ZD9IaQv2Erj4mi1C3ViHfvqA3gnQFkkbBkV4rpQPpCcA4JTNGwRfwRMdT1NEnYiA=="
    }
  }
}
